{
  "name": "@cardstamp/renderer",
  "version": "0.0.1",
  "lockfileVersion": 1,
  "requires": true,
  "dependencies": {
    "@types/intrinsic-scale": {
      "version": "3.0.0",
      "resolved": "https://registry.npmjs.org/@types/intrinsic-scale/-/intrinsic-scale-3.0.0.tgz",
      "integrity": "sha512-TzfJhEtX0KMnaK/9U0EKrOFOXdpLVBt35xoljMiFt4WjCWudEkeVuf3ab2ZmWZjr9XVBd1mmstTlVSgEMXdSmg==",
      "dev": true
    },
    "intrinsic-scale": {
      "version": "3.0.4",
      "resolved": "https://registry.npmjs.org/intrinsic-scale/-/intrinsic-scale-3.0.4.tgz",
      "integrity": "sha512-K9+8JfjKhu4cl3kLBHrHW/RnAQFlyyOBV+zoSyzUM+vXz11ypaN+adk5PtI1pvMAuQN1zKnQ+lu9g7kDs/3hHw=="
    },
    "typescript": {
      "version": "3.9.3",
      "resolved": "https://registry.npmjs.org/typescript/-/typescript-3.9.3.tgz",
      "integrity": "sha512-D/wqnB2xzNFIcoBG9FG8cXRDjiqSTbG2wd8DMZeQyJlP1vfTkIxH4GKveWaEBYySKIg+USu+E+EDIR47SqnaMQ==",
      "dev": true
    }
  }
}
